
Microsoft Visual Studio Solution File, Format Version 12.00
# Visual Studio Version 17
VisualStudioVersion = 17.9.34728.123
MinimumVisualStudioVersion = 10.0.40219.1
Project("{FAE04EC0-301F-11D3-BF4B-00C04F79EFBC}") = "pt9", "pt9\pt9.csproj", "{2CFFF7B5-A628-4CF4-AEBD-05D198624421}"
EndProject
Global
	GlobalSection(SolutionConfigurationPlatforms) = preSolution
		Debug|Any CPU = Debug|Any CPU
		Release|Any CPU = Release|Any CPU
	EndGlobalSection
	GlobalSection(ProjectConfigurationPlatforms) = postSolution
		{2CFFF7B5-A628-4CF4-AEBD-05D198624421}.Debug|Any CPU.ActiveCfg = Debug|Any CPU
		{2CFFF7B5-A628-4CF4-AEBD-05D198624421}.Debug|Any CPU.Build.0 = Debug|Any CPU
		{2CFFF7B5-A628-4CF4-AEBD-05D198624421}.Release|Any CPU.ActiveCfg = Release|Any CPU
		{2CFFF7B5-A628-4CF4-AEBD-05D198624421}.Release|Any CPU.Build.0 = Release|Any CPU
	EndGlobalSection
	GlobalSection(SolutionProperties) = preSolution
		HideSolutionNode = FALSE
	EndGlobalSection
	GlobalSection(ExtensibilityGlobals) = postSolution
		SolutionGuid = {2480669A-75C1-4E6C-B33F-063187E4FD60}
	EndGlobalSection
EndGlobal
